// !$*UTF8*$!
{
	archiveVersion = 1;
	classes = {
	};
	objectVersion = 55;
	objects = {

/* Begin PBXBuildFile section */
		78303FA428D97EF2005B4557 /* TwitterCloneApp.swift in Sources */ = {isa = PBXBuildFile; fileRef = 78303FA328D97EF2005B4557 /* TwitterCloneApp.swift */; };
		78303FA628D97EF2005B4557 /* ContentView.swift in Sources */ = {isa = PBXBuildFile; fileRef = 78303FA528D97EF2005B4557 /* ContentView.swift */; };
		78303FA828D97EF3005B4557 /* Assets.xcassets in Resources */ = {isa = PBXBuildFile; fileRef = 78303FA728D97EF3005B4557 /* Assets.xcassets */; };
		78303FAB28D97EF3005B4557 /* Preview Assets.xcassets in Resources */ = {isa = PBXBuildFile; fileRef = 78303FAA28D97EF3005B4557 /* Preview Assets.xcassets */; };
		78303FB528D97EF3005B4557 /* TwitterCloneTests.swift in Sources */ = {isa = PBXBuildFile; fileRef = 78303FB428D97EF3005B4557 /* TwitterCloneTests.swift */; };
		78303FBF28D97EF3005B4557 /* TwitterCloneUITests.swift in Sources */ = {isa = PBXBuildFile; fileRef = 78303FBE28D97EF3005B4557 /* TwitterCloneUITests.swift */; };
		78303FC128D97EF3005B4557 /* TwitterCloneUITestsLaunchTests.swift in Sources */ = {isa = PBXBuildFile; fileRef = 78303FC028D97EF3005B4557 /* TwitterCloneUITestsLaunchTests.swift */; };
		78303FDE28DA6219005B4557 /* FeedView.swift in Sources */ = {isa = PBXBuildFile; fileRef = 78303FDD28DA6219005B4557 /* FeedView.swift */; };
		78303FE128DA6474005B4557 /* TweetRowView.swift in Sources */ = {isa = PBXBuildFile; fileRef = 78303FE028DA6474005B4557 /* TweetRowView.swift */; };
		78303FE428DA6FE7005B4557 /* MainTabView.swift in Sources */ = {isa = PBXBuildFile; fileRef = 78303FE328DA6FE7005B4557 /* MainTabView.swift */; };
		78303FEA28DA71B6005B4557 /* ExploreView.swift in Sources */ = {isa = PBXBuildFile; fileRef = 78303FE928DA71B6005B4557 /* ExploreView.swift */; };
		78303FEC28DA71E6005B4557 /* NotificationsView.swift in Sources */ = {isa = PBXBuildFile; fileRef = 78303FEB28DA71E6005B4557 /* NotificationsView.swift */; };
		78303FEE28DA7214005B4557 /* MessagesView.swift in Sources */ = {isa = PBXBuildFile; fileRef = 78303FED28DA7214005B4557 /* MessagesView.swift */; };
		78303FF228DA735F005B4557 /* ProfileView.swift in Sources */ = {isa = PBXBuildFile; fileRef = 78303FF128DA735F005B4557 /* ProfileView.swift */; };
		7830403628DB9777005B4557 /* TweetFilterViewModel.swift in Sources */ = {isa = PBXBuildFile; fileRef = 7830403528DB9777005B4557 /* TweetFilterViewModel.swift */; };
		7830403B28DB9FF9005B4557 /* UserRowView.swift in Sources */ = {isa = PBXBuildFile; fileRef = 7830403A28DB9FF9005B4557 /* UserRowView.swift */; };
		7830404028DBA51A005B4557 /* SideMenuView.swift in Sources */ = {isa = PBXBuildFile; fileRef = 7830403F28DBA51A005B4557 /* SideMenuView.swift */; };
		7830404228DBA52E005B4557 /* SideMenuRowView.swift in Sources */ = {isa = PBXBuildFile; fileRef = 7830404128DBA52E005B4557 /* SideMenuRowView.swift */; };
		7830404428DBA55B005B4557 /* SideMenuViewModel.swift in Sources */ = {isa = PBXBuildFile; fileRef = 7830404328DBA55B005B4557 /* SideMenuViewModel.swift */; };
		7830404628DBA7C8005B4557 /* UserStatsView.swift in Sources */ = {isa = PBXBuildFile; fileRef = 7830404528DBA7C8005B4557 /* UserStatsView.swift */; };
		7830404C28DCF655005B4557 /* NewTweetView.swift in Sources */ = {isa = PBXBuildFile; fileRef = 7830404B28DCF655005B4557 /* NewTweetView.swift */; };
		7830404E28DCF828005B4557 /* TextArea.swift in Sources */ = {isa = PBXBuildFile; fileRef = 7830404D28DCF828005B4557 /* TextArea.swift */; };
		783E9E3C28E252450070FF2E /* LoginView.swift in Sources */ = {isa = PBXBuildFile; fileRef = 783E9E3B28E252450070FF2E /* LoginView.swift */; };
		783E9E3E28E252590070FF2E /* RegistrationView.swift in Sources */ = {isa = PBXBuildFile; fileRef = 783E9E3D28E252590070FF2E /* RegistrationView.swift */; };
		783E9E4028E2563C0070FF2E /* RoundedShape.swift in Sources */ = {isa = PBXBuildFile; fileRef = 783E9E3F28E2563C0070FF2E /* RoundedShape.swift */; };
		783E9E4228E25D250070FF2E /* CustomInputField.swift in Sources */ = {isa = PBXBuildFile; fileRef = 783E9E4128E25D250070FF2E /* CustomInputField.swift */; };
		783E9E4528E2687F0070FF2E /* AuthenticationHeaderView.swift in Sources */ = {isa = PBXBuildFile; fileRef = 783E9E4428E2687F0070FF2E /* AuthenticationHeaderView.swift */; };
		78737E382915956D008061F0 /* GoogleService-Info.plist in Resources */ = {isa = PBXBuildFile; fileRef = 78737E372915956C008061F0 /* GoogleService-Info.plist */; };
		787A62EF28E3BACD004F54AD /* FirebaseAuth in Frameworks */ = {isa = PBXBuildFile; productRef = 787A62EE28E3BACD004F54AD /* FirebaseAuth */; };
		787A62F128E3BACD004F54AD /* FirebaseFirestore in Frameworks */ = {isa = PBXBuildFile; productRef = 787A62F028E3BACD004F54AD /* FirebaseFirestore */; };
		787A62F328E3BACD004F54AD /* FirebaseFirestoreSwift in Frameworks */ = {isa = PBXBuildFile; productRef = 787A62F228E3BACD004F54AD /* FirebaseFirestoreSwift */; };
		787A62F528E3BACD004F54AD /* FirebaseStorage in Frameworks */ = {isa = PBXBuildFile; productRef = 787A62F428E3BACD004F54AD /* FirebaseStorage */; };
		787A62F728E3D210004F54AD /* AuthViewModel.swift in Sources */ = {isa = PBXBuildFile; fileRef = 787A62F628E3D210004F54AD /* AuthViewModel.swift */; };
		787A62F928E4F376004F54AD /* ProfilePhotoSelectorView.swift in Sources */ = {isa = PBXBuildFile; fileRef = 787A62F828E4F376004F54AD /* ProfilePhotoSelectorView.swift */; };
		787A62FC28E50142004F54AD /* ImagePicker.swift in Sources */ = {isa = PBXBuildFile; fileRef = 787A62FB28E50142004F54AD /* ImagePicker.swift */; };
		787A62FE28E50E4A004F54AD /* ImageUploader.swift in Sources */ = {isa = PBXBuildFile; fileRef = 787A62FD28E50E4A004F54AD /* ImageUploader.swift */; };
		787A630028E61DB2004F54AD /* UserService.swift in Sources */ = {isa = PBXBuildFile; fileRef = 787A62FF28E61DB2004F54AD /* UserService.swift */; };
		787A630228E6223D004F54AD /* User.swift in Sources */ = {isa = PBXBuildFile; fileRef = 787A630128E6223D004F54AD /* User.swift */; };
		787A630528E6297A004F54AD /* Kingfisher in Frameworks */ = {isa = PBXBuildFile; productRef = 787A630428E6297A004F54AD /* Kingfisher */; };
		787A630728E63773004F54AD /* ExploreViewModel.swift in Sources */ = {isa = PBXBuildFile; fileRef = 787A630628E63773004F54AD /* ExploreViewModel.swift */; };
		787A630928E77AF6004F54AD /* SearchBar.swift in Sources */ = {isa = PBXBuildFile; fileRef = 787A630828E77AF6004F54AD /* SearchBar.swift */; };
		787A630B28E78186004F54AD /* TweetService.swift in Sources */ = {isa = PBXBuildFile; fileRef = 787A630A28E78186004F54AD /* TweetService.swift */; };
		787A630D28E78392004F54AD /* UploadTweetViewModel.swift in Sources */ = {isa = PBXBuildFile; fileRef = 787A630C28E78392004F54AD /* UploadTweetViewModel.swift */; };
		787A630F28E78E51004F54AD /* FeedViewModel.swift in Sources */ = {isa = PBXBuildFile; fileRef = 787A630E28E78E51004F54AD /* FeedViewModel.swift */; };
		787A631128E78EF7004F54AD /* Tweet.swift in Sources */ = {isa = PBXBuildFile; fileRef = 787A631028E78EF7004F54AD /* Tweet.swift */; };
		787A631328E79B94004F54AD /* ProfileViewModel.swift in Sources */ = {isa = PBXBuildFile; fileRef = 787A631228E79B94004F54AD /* ProfileViewModel.swift */; };
		787A631728EB7A10004F54AD /* TweetRowViewModel.swift in Sources */ = {isa = PBXBuildFile; fileRef = 787A631628EB7A10004F54AD /* TweetRowViewModel.swift */; };
/* End PBXBuildFile section */

/* Begin PBXContainerItemProxy section */
		78303FB128D97EF3005B4557 /* PBXContainerItemProxy */ = {
			isa = PBXContainerItemProxy;
			containerPortal = 78303F9828D97EF2005B4557 /* Project object */;
			proxyType = 1;
			remoteGlobalIDString = 78303F9F28D97EF2005B4557;
			remoteInfo = TwitterClone;
		};
		78303FBB28D97EF3005B4557 /* PBXContainerItemProxy */ = {
			isa = PBXContainerItemProxy;
			containerPortal = 78303F9828D97EF2005B4557 /* Project object */;
			proxyType = 1;
			remoteGlobalIDString = 78303F9F28D97EF2005B4557;
			remoteInfo = TwitterClone;
		};
/* End PBXContainerItemProxy section */

/* Begin PBXFileReference section */
		78303FA028D97EF2005B4557 /* TwitterClone.app */ = {isa = PBXFileReference; explicitFileType = wrapper.application; includeInIndex = 0; path = TwitterClone.app; sourceTree = BUILT_PRODUCTS_DIR; };
		78303FA328D97EF2005B4557 /* TwitterCloneApp.swift */ = {isa = PBXFileReference; lastKnownFileType = sourcecode.swift; path = TwitterCloneApp.swift; sourceTree = "<group>"; };
		78303FA528D97EF2005B4557 /* ContentView.swift */ = {isa = PBXFileReference; lastKnownFileType = sourcecode.swift; path = ContentView.swift; sourceTree = "<group>"; };
		78303FA728D97EF3005B4557 /* Assets.xcassets */ = {isa = PBXFileReference; lastKnownFileType = folder.assetcatalog; path = Assets.xcassets; sourceTree = "<group>"; };
		78303FAA28D97EF3005B4557 /* Preview Assets.xcassets */ = {isa = PBXFileReference; lastKnownFileType = folder.assetcatalog; path = "Preview Assets.xcassets"; sourceTree = "<group>"; };
		78303FB028D97EF3005B4557 /* TwitterCloneTests.xctest */ = {isa = PBXFileReference; explicitFileType = wrapper.cfbundle; includeInIndex = 0; path = TwitterCloneTests.xctest; sourceTree = BUILT_PRODUCTS_DIR; };
		78303FB428D97EF3005B4557 /* TwitterCloneTests.swift */ = {isa = PBXFileReference; lastKnownFileType = sourcecode.swift; path = TwitterCloneTests.swift; sourceTree = "<group>"; };
		78303FBA28D97EF3005B4557 /* TwitterCloneUITests.xctest */ = {isa = PBXFileReference; explicitFileType = wrapper.cfbundle; includeInIndex = 0; path = TwitterCloneUITests.xctest; sourceTree = BUILT_PRODUCTS_DIR; };
		78303FBE28D97EF3005B4557 /* TwitterCloneUITests.swift */ = {isa = PBXFileReference; lastKnownFileType = sourcecode.swift; path = TwitterCloneUITests.swift; sourceTree = "<group>"; };
		78303FC028D97EF3005B4557 /* TwitterCloneUITestsLaunchTests.swift */ = {isa = PBXFileReference; lastKnownFileType = sourcecode.swift; path = TwitterCloneUITestsLaunchTests.swift; sourceTree = "<group>"; };
		78303FDD28DA6219005B4557 /* FeedView.swift */ = {isa = PBXFileReference; lastKnownFileType = sourcecode.swift; path = FeedView.swift; sourceTree = "<group>"; };
		78303FE028DA6474005B4557 /* TweetRowView.swift */ = {isa = PBXFileReference; lastKnownFileType = sourcecode.swift; path = TweetRowView.swift; sourceTree = "<group>"; };
		78303FE328DA6FE7005B4557 /* MainTabView.swift */ = {isa = PBXFileReference; lastKnownFileType = sourcecode.swift; path = MainTabView.swift; sourceTree = "<group>"; };
		78303FE928DA71B6005B4557 /* ExploreView.swift */ = {isa = PBXFileReference; lastKnownFileType = sourcecode.swift; path = ExploreView.swift; sourceTree = "<group>"; };
		78303FEB28DA71E6005B4557 /* NotificationsView.swift */ = {isa = PBXFileReference; lastKnownFileType = sourcecode.swift; path = NotificationsView.swift; sourceTree = "<group>"; };
		78303FED28DA7214005B4557 /* MessagesView.swift */ = {isa = PBXFileReference; lastKnownFileType = sourcecode.swift; path = MessagesView.swift; sourceTree = "<group>"; };
		78303FF128DA735F005B4557 /* ProfileView.swift */ = {isa = PBXFileReference; lastKnownFileType = sourcecode.swift; path = ProfileView.swift; sourceTree = "<group>"; };
		7830403528DB9777005B4557 /* TweetFilterViewModel.swift */ = {isa = PBXFileReference; lastKnownFileType = sourcecode.swift; path = TweetFilterViewModel.swift; sourceTree = "<group>"; };
		7830403A28DB9FF9005B4557 /* UserRowView.swift */ = {isa = PBXFileReference; lastKnownFileType = sourcecode.swift; path = UserRowView.swift; sourceTree = "<group>"; };
		7830403F28DBA51A005B4557 /* SideMenuView.swift */ = {isa = PBXFileReference; lastKnownFileType = sourcecode.swift; path = SideMenuView.swift; sourceTree = "<group>"; };
		7830404128DBA52E005B4557 /* SideMenuRowView.swift */ = {isa = PBXFileReference; lastKnownFileType = sourcecode.swift; path = SideMenuRowView.swift; sourceTree = "<group>"; };
		7830404328DBA55B005B4557 /* SideMenuViewModel.swift */ = {isa = PBXFileReference; lastKnownFileType = sourcecode.swift; path = SideMenuViewModel.swift; sourceTree = "<group>"; };
		7830404528DBA7C8005B4557 /* UserStatsView.swift */ = {isa = PBXFileReference; lastKnownFileType = sourcecode.swift; path = UserStatsView.swift; sourceTree = "<group>"; };
		7830404B28DCF655005B4557 /* NewTweetView.swift */ = {isa = PBXFileReference; lastKnownFileType = sourcecode.swift; path = NewTweetView.swift; sourceTree = "<group>"; };
		7830404D28DCF828005B4557 /* TextArea.swift */ = {isa = PBXFileReference; lastKnownFileType = sourcecode.swift; path = TextArea.swift; sourceTree = "<group>"; };
		783E9E3B28E252450070FF2E /* LoginView.swift */ = {isa = PBXFileReference; lastKnownFileType = sourcecode.swift; path = LoginView.swift; sourceTree = "<group>"; };
		783E9E3D28E252590070FF2E /* RegistrationView.swift */ = {isa = PBXFileReference; lastKnownFileType = sourcecode.swift; path = RegistrationView.swift; sourceTree = "<group>"; };
		783E9E3F28E2563C0070FF2E /* RoundedShape.swift */ = {isa = PBXFileReference; lastKnownFileType = sourcecode.swift; path = RoundedShape.swift; sourceTree = "<group>"; };
		783E9E4128E25D250070FF2E /* CustomInputField.swift */ = {isa = PBXFileReference; lastKnownFileType = sourcecode.swift; path = CustomInputField.swift; sourceTree = "<group>"; };
		783E9E4428E2687F0070FF2E /* AuthenticationHeaderView.swift */ = {isa = PBXFileReference; lastKnownFileType = sourcecode.swift; path = AuthenticationHeaderView.swift; sourceTree = "<group>"; };
		78737E372915956C008061F0 /* GoogleService-Info.plist */ = {isa = PBXFileReference; fileEncoding = 4; lastKnownFileType = text.plist.xml; path = "GoogleService-Info.plist"; sourceTree = "<group>"; };
		787A62F628E3D210004F54AD /* AuthViewModel.swift */ = {isa = PBXFileReference; lastKnownFileType = sourcecode.swift; path = AuthViewModel.swift; sourceTree = "<group>"; };
		787A62F828E4F376004F54AD /* ProfilePhotoSelectorView.swift */ = {isa = PBXFileReference; lastKnownFileType = sourcecode.swift; path = ProfilePhotoSelectorView.swift; sourceTree = "<group>"; };
		787A62FB28E50142004F54AD /* ImagePicker.swift */ = {isa = PBXFileReference; lastKnownFileType = sourcecode.swift; path = ImagePicker.swift; sourceTree = "<group>"; };
		787A62FD28E50E4A004F54AD /* ImageUploader.swift */ = {isa = PBXFileReference; lastKnownFileType = sourcecode.swift; path = ImageUploader.swift; sourceTree = "<group>"; };
		787A62FF28E61DB2004F54AD /* UserService.swift */ = {isa = PBXFileReference; lastKnownFileType = sourcecode.swift; path = UserService.swift; sourceTree = "<group>"; };
		787A630128E6223D004F54AD /* User.swift */ = {isa = PBXFileReference; lastKnownFileType = sourcecode.swift; path = User.swift; sourceTree = "<group>"; };
		787A630628E63773004F54AD /* ExploreViewModel.swift */ = {isa = PBXFileReference; lastKnownFileType = sourcecode.swift; path = ExploreViewModel.swift; sourceTree = "<group>"; };
		787A630828E77AF6004F54AD /* SearchBar.swift */ = {isa = PBXFileReference; lastKnownFileType = sourcecode.swift; path = SearchBar.swift; sourceTree = "<group>"; };
		787A630A28E78186004F54AD /* TweetService.swift */ = {isa = PBXFileReference; lastKnownFileType = sourcecode.swift; path = TweetService.swift; sourceTree = "<group>"; };
		787A630C28E78392004F54AD /* UploadTweetViewModel.swift */ = {isa = PBXFileReference; lastKnownFileType = sourcecode.swift; path = UploadTweetViewModel.swift; sourceTree = "<group>"; };
		787A630E28E78E51004F54AD /* FeedViewModel.swift */ = {isa = PBXFileReference; lastKnownFileType = sourcecode.swift; path = FeedViewModel.swift; sourceTree = "<group>"; };
		787A631028E78EF7004F54AD /* Tweet.swift */ = {isa = PBXFileReference; lastKnownFileType = sourcecode.swift; path = Tweet.swift; sourceTree = "<group>"; };
		787A631228E79B94004F54AD /* ProfileViewModel.swift */ = {isa = PBXFileReference; lastKnownFileType = sourcecode.swift; path = ProfileViewModel.swift; sourceTree = "<group>"; };
		787A631628EB7A10004F54AD /* TweetRowViewModel.swift */ = {isa = PBXFileReference; lastKnownFileType = sourcecode.swift; path = TweetRowViewModel.swift; sourceTree = "<group>"; };
/* End PBXFileReference section */

/* Begin PBXFrameworksBuildPhase section */
		78303F9D28D97EF2005B4557 /* Frameworks */ = {
			isa = PBXFrameworksBuildPhase;
			buildActionMask = 2147483647;
			files = (
				787A62EF28E3BACD004F54AD /* FirebaseAuth in Frameworks */,
				787A62F528E3BACD004F54AD /* FirebaseStorage in Frameworks */,
				787A62F128E3BACD004F54AD /* FirebaseFirestore in Frameworks */,
				787A62F328E3BACD004F54AD /* FirebaseFirestoreSwift in Frameworks */,
				787A630528E6297A004F54AD /* Kingfisher in Frameworks */,
			);
			runOnlyForDeploymentPostprocessing = 0;
		};
		78303FAD28D97EF3005B4557 /* Frameworks */ = {
			isa = PBXFrameworksBuildPhase;
			buildActionMask = 2147483647;
			files = (
			);
			runOnlyForDeploymentPostprocessing = 0;
		};
		78303FB728D97EF3005B4557 /* Frameworks */ = {
			isa = PBXFrameworksBuildPhase;
			buildActionMask = 2147483647;
			files = (
			);
			runOnlyForDeploymentPostprocessing = 0;
		};
/* End PBXFrameworksBuildPhase section */

/* Begin PBXGroup section */
		78303F9728D97EF2005B4557 = {
			isa = PBXGroup;
			children = (
				78303FA228D97EF2005B4557 /* TwitterClone */,
				78303FB328D97EF3005B4557 /* TwitterCloneTests */,
				78303FBD28D97EF3005B4557 /* TwitterCloneUITests */,
				78303FA128D97EF2005B4557 /* Products */,
			);
			sourceTree = "<group>";
		};
		78303FA128D97EF2005B4557 /* Products */ = {
			isa = PBXGroup;
			children = (
				78303FA028D97EF2005B4557 /* TwitterClone.app */,
				78303FB028D97EF3005B4557 /* TwitterCloneTests.xctest */,
				78303FBA28D97EF3005B4557 /* TwitterCloneUITests.xctest */,
			);
			name = Products;
			sourceTree = "<group>";
		};
		78303FA228D97EF2005B4557 /* TwitterClone */ = {
			isa = PBXGroup;
			children = (
				787A62FA28E50131004F54AD /* Utils */,
				78303FD628D97FB7005B4557 /* Extensions */,
				78303FD528D97FB5005B4557 /* Model */,
				78303FD428D97FB3005B4557 /* Service */,
				78303FD328D97FB0005B4557 /* Core */,
				78303FA528D97EF2005B4557 /* ContentView.swift */,
				78303FA328D97EF2005B4557 /* TwitterCloneApp.swift */,
				78303FA728D97EF3005B4557 /* Assets.xcassets */,
				78737E372915956C008061F0 /* GoogleService-Info.plist */,
				78303FA928D97EF3005B4557 /* Preview Content */,
			);
			path = TwitterClone;
			sourceTree = "<group>";
		};
		78303FA928D97EF3005B4557 /* Preview Content */ = {
			isa = PBXGroup;
			children = (
				78303FAA28D97EF3005B4557 /* Preview Assets.xcassets */,
			);
			path = "Preview Content";
			sourceTree = "<group>";
		};
		78303FB328D97EF3005B4557 /* TwitterCloneTests */ = {
			isa = PBXGroup;
			children = (
				78303FB428D97EF3005B4557 /* TwitterCloneTests.swift */,
			);
			path = TwitterCloneTests;
			sourceTree = "<group>";
		};
		78303FBD28D97EF3005B4557 /* TwitterCloneUITests */ = {
			isa = PBXGroup;
			children = (
				78303FBE28D97EF3005B4557 /* TwitterCloneUITests.swift */,
				78303FC028D97EF3005B4557 /* TwitterCloneUITestsLaunchTests.swift */,
			);
			path = TwitterCloneUITests;
			sourceTree = "<group>";
		};
		78303FD328D97FB0005B4557 /* Core */ = {
			isa = PBXGroup;
			children = (
				78303FD728DA60D6005B4557 /* Components */,
				7830408B28E251AF005B4557 /* Authentication */,
				7830404728DCF604005B4557 /* UploadTweet */,
				7830403C28DBA4DB005B4557 /* SideMenu */,
				78303FE828DA7187005B4557 /* Profile */,
				78303FE728DA714E005B4557 /* Explore */,
				78303FE628DA714D005B4557 /* Notifications */,
				78303FE528DA714A005B4557 /* Messages */,
				78303FE228DA6FCC005B4557 /* MainTab */,
				78303FD828DA60E1005B4557 /* Feed */,
			);
			path = Core;
			sourceTree = "<group>";
		};
		78303FD428D97FB3005B4557 /* Service */ = {
			isa = PBXGroup;
			children = (
				787A62FD28E50E4A004F54AD /* ImageUploader.swift */,
				787A62FF28E61DB2004F54AD /* UserService.swift */,
				787A630A28E78186004F54AD /* TweetService.swift */,
			);
			path = Service;
			sourceTree = "<group>";
		};
		78303FD528D97FB5005B4557 /* Model */ = {
			isa = PBXGroup;
			children = (
				787A630128E6223D004F54AD /* User.swift */,
				787A631028E78EF7004F54AD /* Tweet.swift */,
			);
			path = Model;
			sourceTree = "<group>";
		};
		78303FD628D97FB7005B4557 /* Extensions */ = {
			isa = PBXGroup;
			children = (
			);
			path = Extensions;
			sourceTree = "<group>";
		};
		78303FD728DA60D6005B4557 /* Components */ = {
			isa = PBXGroup;
			children = (
				783E9E4328E268720070FF2E /* Authentication */,
				7830403928DB9FD9005B4557 /* Users */,
				78303FDF28DA6456005B4557 /* Tweets */,
				7830404D28DCF828005B4557 /* TextArea.swift */,
				783E9E3F28E2563C0070FF2E /* RoundedShape.swift */,
				783E9E4128E25D250070FF2E /* CustomInputField.swift */,
				787A630828E77AF6004F54AD /* SearchBar.swift */,
			);
			path = Components;
			sourceTree = "<group>";
		};
		78303FD828DA60E1005B4557 /* Feed */ = {
			isa = PBXGroup;
			children = (
				78303FD928DA6120005B4557 /* ViewModels */,
				78303FDA28DA6138005B4557 /* View */,
			);
			path = Feed;
			sourceTree = "<group>";
		};
		78303FD928DA6120005B4557 /* ViewModels */ = {
			isa = PBXGroup;
			children = (
				787A630E28E78E51004F54AD /* FeedViewModel.swift */,
			);
			path = ViewModels;
			sourceTree = "<group>";
		};
		78303FDA28DA6138005B4557 /* View */ = {
			isa = PBXGroup;
			children = (
				78303FDD28DA6219005B4557 /* FeedView.swift */,
			);
			path = View;
			sourceTree = "<group>";
		};
		78303FDF28DA6456005B4557 /* Tweets */ = {
			isa = PBXGroup;
			children = (
				787A631528EB79E4004F54AD /* Views */,
				787A631428EB79DA004F54AD /* ViewModel */,
			);
			path = Tweets;
			sourceTree = "<group>";
		};
		78303FE228DA6FCC005B4557 /* MainTab */ = {
			isa = PBXGroup;
			children = (
				78303FE328DA6FE7005B4557 /* MainTabView.swift */,
			);
			path = MainTab;
			sourceTree = "<group>";
		};
		78303FE528DA714A005B4557 /* Messages */ = {
			isa = PBXGroup;
			children = (
				78303FED28DA7214005B4557 /* MessagesView.swift */,
			);
			path = Messages;
			sourceTree = "<group>";
		};
		78303FE628DA714D005B4557 /* Notifications */ = {
			isa = PBXGroup;
			children = (
				78303FEB28DA71E6005B4557 /* NotificationsView.swift */,
			);
			path = Notifications;
			sourceTree = "<group>";
		};
		78303FE728DA714E005B4557 /* Explore */ = {
			isa = PBXGroup;
			children = (
				7830403828DB9F90005B4557 /* ViewModels */,
				7830403728DB9F8D005B4557 /* Views */,
			);
			path = Explore;
			sourceTree = "<group>";
		};
		78303FE828DA7187005B4557 /* Profile */ = {
			isa = PBXGroup;
			children = (
				78303FEF28DA7339005B4557 /* ViewModels */,
				78303FF028DA7341005B4557 /* Views */,
			);
			path = Profile;
			sourceTree = "<group>";
		};
		78303FEF28DA7339005B4557 /* ViewModels */ = {
			isa = PBXGroup;
			children = (
				7830403528DB9777005B4557 /* TweetFilterViewModel.swift */,
				787A631228E79B94004F54AD /* ProfileViewModel.swift */,
			);
			path = ViewModels;
			sourceTree = "<group>";
		};
		78303FF028DA7341005B4557 /* Views */ = {
			isa = PBXGroup;
			children = (
				78303FF128DA735F005B4557 /* ProfileView.swift */,
			);
			path = Views;
			sourceTree = "<group>";
		};
		7830403728DB9F8D005B4557 /* Views */ = {
			isa = PBXGroup;
			children = (
				78303FE928DA71B6005B4557 /* ExploreView.swift */,
			);
			path = Views;
			sourceTree = "<group>";
		};
		7830403828DB9F90005B4557 /* ViewModels */ = {
			isa = PBXGroup;
			children = (
				787A630628E63773004F54AD /* ExploreViewModel.swift */,
			);
			path = ViewModels;
			sourceTree = "<group>";
		};
		7830403928DB9FD9005B4557 /* Users */ = {
			isa = PBXGroup;
			children = (
				7830403A28DB9FF9005B4557 /* UserRowView.swift */,
				7830404528DBA7C8005B4557 /* UserStatsView.swift */,
			);
			path = Users;
			sourceTree = "<group>";
		};
		7830403C28DBA4DB005B4557 /* SideMenu */ = {
			isa = PBXGroup;
			children = (
				7830403E28DBA4FB005B4557 /* Views */,
				7830403D28DBA4F1005B4557 /* ViewModels */,
			);
			path = SideMenu;
			sourceTree = "<group>";
		};
		7830403D28DBA4F1005B4557 /* ViewModels */ = {
			isa = PBXGroup;
			children = (
				7830404328DBA55B005B4557 /* SideMenuViewModel.swift */,
			);
			path = ViewModels;
			sourceTree = "<group>";
		};
		7830403E28DBA4FB005B4557 /* Views */ = {
			isa = PBXGroup;
			children = (
				7830403F28DBA51A005B4557 /* SideMenuView.swift */,
				7830404128DBA52E005B4557 /* SideMenuRowView.swift */,
			);
			path = Views;
			sourceTree = "<group>";
		};
		7830404728DCF604005B4557 /* UploadTweet */ = {
			isa = PBXGroup;
			children = (
				7830404828DCF616005B4557 /* ViewModels */,
				7830404928DCF624005B4557 /* Views */,
			);
			path = UploadTweet;
			sourceTree = "<group>";
		};
		7830404828DCF616005B4557 /* ViewModels */ = {
			isa = PBXGroup;
			children = (
				787A630C28E78392004F54AD /* UploadTweetViewModel.swift */,
			);
			path = ViewModels;
			sourceTree = "<group>";
		};
		7830404928DCF624005B4557 /* Views */ = {
			isa = PBXGroup;
			children = (
				7830404B28DCF655005B4557 /* NewTweetView.swift */,
			);
			path = Views;
			sourceTree = "<group>";
		};
		7830408B28E251AF005B4557 /* Authentication */ = {
			isa = PBXGroup;
			children = (
				7830408D28E251BF005B4557 /* ViewModel */,
				7830408C28E251BB005B4557 /* Views */,
			);
			path = Authentication;
			sourceTree = "<group>";
		};
		7830408C28E251BB005B4557 /* Views */ = {
			isa = PBXGroup;
			children = (
				783E9E3B28E252450070FF2E /* LoginView.swift */,
				783E9E3D28E252590070FF2E /* RegistrationView.swift */,
				787A62F828E4F376004F54AD /* ProfilePhotoSelectorView.swift */,
			);
			path = Views;
			sourceTree = "<group>";
		};
		7830408D28E251BF005B4557 /* ViewModel */ = {
			isa = PBXGroup;
			children = (
				787A62F628E3D210004F54AD /* AuthViewModel.swift */,
			);
			path = ViewModel;
			sourceTree = "<group>";
		};
		783E9E4328E268720070FF2E /* Authentication */ = {
			isa = PBXGroup;
			children = (
				783E9E4428E2687F0070FF2E /* AuthenticationHeaderView.swift */,
			);
			path = Authentication;
			sourceTree = "<group>";
		};
		787A62FA28E50131004F54AD /* Utils */ = {
			isa = PBXGroup;
			children = (
				787A62FB28E50142004F54AD /* ImagePicker.swift */,
			);
			path = Utils;
			sourceTree = "<group>";
		};
		787A631428EB79DA004F54AD /* ViewModel */ = {
			isa = PBXGroup;
			children = (
				787A631628EB7A10004F54AD /* TweetRowViewModel.swift */,
			);
			path = ViewModel;
			sourceTree = "<group>";
		};
		787A631528EB79E4004F54AD /* Views */ = {
			isa = PBXGroup;
			children = (
				78303FE028DA6474005B4557 /* TweetRowView.swift */,
			);
			path = Views;
			sourceTree = "<group>";
		};
/* End PBXGroup section */

/* Begin PBXNativeTarget section */
		78303F9F28D97EF2005B4557 /* TwitterClone */ = {
			isa = PBXNativeTarget;
			buildConfigurationList = 78303FC428D97EF3005B4557 /* Build configuration list for PBXNativeTarget "TwitterClone" */;
			buildPhases = (
				78303F9C28D97EF2005B4557 /* Sources */,
				78303F9D28D97EF2005B4557 /* Frameworks */,
				78303F9E28D97EF2005B4557 /* Resources */,
			);
			buildRules = (
			);
			dependencies = (
			);
			name = TwitterClone;
			packageProductDependencies = (
				787A62EE28E3BACD004F54AD /* FirebaseAuth */,
				787A62F028E3BACD004F54AD /* FirebaseFirestore */,
				787A62F228E3BACD004F54AD /* FirebaseFirestoreSwift */,
				787A62F428E3BACD004F54AD /* FirebaseStorage */,
				787A630428E6297A004F54AD /* Kingfisher */,
			);
			productName = TwitterClone;
			productReference = 78303FA028D97EF2005B4557 /* TwitterClone.app */;
			productType = "com.apple.product-type.application";
		};
		78303FAF28D97EF3005B4557 /* TwitterCloneTests */ = {
			isa = PBXNativeTarget;
			buildConfigurationList = 78303FC728D97EF3005B4557 /* Build configuration list for PBXNativeTarget "TwitterCloneTests" */;
			buildPhases = (
				78303FAC28D97EF3005B4557 /* Sources */,
				78303FAD28D97EF3005B4557 /* Frameworks */,
				78303FAE28D97EF3005B4557 /* Resources */,
			);
			buildRules = (
			);
			dependencies = (
				78303FB228D97EF3005B4557 /* PBXTargetDependency */,
			);
			name = TwitterCloneTests;
			productName = TwitterCloneTests;
			productReference = 78303FB028D97EF3005B4557 /* TwitterCloneTests.xctest */;
			productType = "com.apple.product-type.bundle.unit-test";
		};
		78303FB928D97EF3005B4557 /* TwitterCloneUITests */ = {
			isa = PBXNativeTarget;
			buildConfigurationList = 78303FCA28D97EF3005B4557 /* Build configuration list for PBXNativeTarget "TwitterCloneUITests" */;
			buildPhases = (
				78303FB628D97EF3005B4557 /* Sources */,
				78303FB728D97EF3005B4557 /* Frameworks */,
				78303FB828D97EF3005B4557 /* Resources */,
			);
			buildRules = (
			);
			dependencies = (
				78303FBC28D97EF3005B4557 /* PBXTargetDependency */,
			);
			name = TwitterCloneUITests;
			productName = TwitterCloneUITests;
			productReference = 78303FBA28D97EF3005B4557 /* TwitterCloneUITests.xctest */;
			productType = "com.apple.product-type.bundle.ui-testing";
		};
/* End PBXNativeTarget section */

/* Begin PBXProject section */
		78303F9828D97EF2005B4557 /* Project object */ = {
			isa = PBXProject;
			attributes = {
				BuildIndependentTargetsInParallel = 1;
				LastSwiftUpdateCheck = 1340;
				LastUpgradeCheck = 1340;
				TargetAttributes = {
					78303F9F28D97EF2005B4557 = {
						CreatedOnToolsVersion = 13.4.1;
					};
					78303FAF28D97EF3005B4557 = {
						CreatedOnToolsVersion = 13.4.1;
						TestTargetID = 78303F9F28D97EF2005B4557;
					};
					78303FB928D97EF3005B4557 = {
						CreatedOnToolsVersion = 13.4.1;
						TestTargetID = 78303F9F28D97EF2005B4557;
					};
				};
			};
			buildConfigurationList = 78303F9B28D97EF2005B4557 /* Build configuration list for PBXProject "TwitterClone" */;
			compatibilityVersion = "Xcode 13.0";
			developmentRegion = en;
			hasScannedForEncodings = 0;
			knownRegions = (
				en,
				Base,
			);
			mainGroup = 78303F9728D97EF2005B4557;
			packageReferences = (
				787A62ED28E3BACD004F54AD /* XCRemoteSwiftPackageReference "firebase-ios-sdk" */,
				787A630328E6297A004F54AD /* XCRemoteSwiftPackageReference "Kingfisher" */,
			);
			productRefGroup = 78303FA128D97EF2005B4557 /* Products */;
			projectDirPath = "";
			projectRoot = "";
			targets = (
				78303F9F28D97EF2005B4557 /* TwitterClone */,
				78303FAF28D97EF3005B4557 /* TwitterCloneTests */,
				78303FB928D97EF3005B4557 /* TwitterCloneUITests */,
			);
		};
/* End PBXProject section */

/* Begin PBXResourcesBuildPhase section */
		78303F9E28D97EF2005B4557 /* Resources */ = {
			isa = PBXResourcesBuildPhase;
			buildActionMask = 2147483647;
			files = (
				78303FAB28D97EF3005B4557 /* Preview Assets.xcassets in Resources */,
				78303FA828D97EF3005B4557 /* Assets.xcassets in Resources */,
				78737E382915956D008061F0 /* GoogleService-Info.plist in Resources */,
			);
			runOnlyForDeploymentPostprocessing = 0;
		};
		78303FAE28D97EF3005B4557 /* Resources */ = {
			isa = PBXResourcesBuildPhase;
			buildActionMask = 2147483647;
			files = (
			);
			runOnlyForDeploymentPostprocessing = 0;
		};
		78303FB828D97EF3005B4557 /* Resources */ = {
			isa = PBXResourcesBuildPhase;
			buildActionMask = 2147483647;
			files = (
			);
			runOnlyForDeploymentPostprocessing = 0;
		};
/* End PBXResourcesBuildPhase section */

/* Begin PBXSourcesBuildPhase section */
		78303F9C28D97EF2005B4557 /* Sources */ = {
			isa = PBXSourcesBuildPhase;
			buildActionMask = 2147483647;
			files = (
				78303FEE28DA7214005B4557 /* MessagesView.swift in Sources */,
				78303FF228DA735F005B4557 /* ProfileView.swift in Sources */,
				787A630028E61DB2004F54AD /* UserService.swift in Sources */,
				787A62FC28E50142004F54AD /* ImagePicker.swift in Sources */,
				78303FA628D97EF2005B4557 /* ContentView.swift in Sources */,
				787A631128E78EF7004F54AD /* Tweet.swift in Sources */,
				787A630F28E78E51004F54AD /* FeedViewModel.swift in Sources */,
				7830404228DBA52E005B4557 /* SideMenuRowView.swift in Sources */,
				787A62FE28E50E4A004F54AD /* ImageUploader.swift in Sources */,
				783E9E4228E25D250070FF2E /* CustomInputField.swift in Sources */,
				78303FE128DA6474005B4557 /* TweetRowView.swift in Sources */,
				7830403628DB9777005B4557 /* TweetFilterViewModel.swift in Sources */,
				783E9E4528E2687F0070FF2E /* AuthenticationHeaderView.swift in Sources */,
				787A62F928E4F376004F54AD /* ProfilePhotoSelectorView.swift in Sources */,
				787A630728E63773004F54AD /* ExploreViewModel.swift in Sources */,
				78303FA428D97EF2005B4557 /* TwitterCloneApp.swift in Sources */,
				7830404028DBA51A005B4557 /* SideMenuView.swift in Sources */,
				787A630D28E78392004F54AD /* UploadTweetViewModel.swift in Sources */,
				787A630B28E78186004F54AD /* TweetService.swift in Sources */,
				787A631728EB7A10004F54AD /* TweetRowViewModel.swift in Sources */,
				78303FDE28DA6219005B4557 /* FeedView.swift in Sources */,
				78303FEA28DA71B6005B4557 /* ExploreView.swift in Sources */,
				787A630928E77AF6004F54AD /* SearchBar.swift in Sources */,
				7830404E28DCF828005B4557 /* TextArea.swift in Sources */,
				7830404428DBA55B005B4557 /* SideMenuViewModel.swift in Sources */,
				783E9E3C28E252450070FF2E /* LoginView.swift in Sources */,
				783E9E3E28E252590070FF2E /* RegistrationView.swift in Sources */,
				787A630228E6223D004F54AD /* User.swift in Sources */,
				7830404C28DCF655005B4557 /* NewTweetView.swift in Sources */,
				787A62F728E3D210004F54AD /* AuthViewModel.swift in Sources */,
				783E9E4028E2563C0070FF2E /* RoundedShape.swift in Sources */,
				7830403B28DB9FF9005B4557 /* UserRowView.swift in Sources */,
				78303FE428DA6FE7005B4557 /* MainTabView.swift in Sources */,
				78303FEC28DA71E6005B4557 /* NotificationsView.swift in Sources */,
				7830404628DBA7C8005B4557 /* UserStatsView.swift in Sources */,
				787A631328E79B94004F54AD /* ProfileViewModel.swift in Sources */,
			);
			runOnlyForDeploymentPostprocessing = 0;
		};
		78303FAC28D97EF3005B4557 /* Sources */ = {
			isa = PBXSourcesBuildPhase;
			buildActionMask = 2147483647;
			files = (
				78303FB528D97EF3005B4557 /* TwitterCloneTests.swift in Sources */,
			);
			runOnlyForDeploymentPostprocessing = 0;
		};
		78303FB628D97EF3005B4557 /* Sources */ = {
			isa = PBXSourcesBuildPhase;
			buildActionMask = 2147483647;
			files = (
				78303FC128D97EF3005B4557 /* TwitterCloneUITestsLaunchTests.swift in Sources */,
				78303FBF28D97EF3005B4557 /* TwitterCloneUITests.swift in Sources */,
			);
			runOnlyForDeploymentPostprocessing = 0;
		};
/* End PBXSourcesBuildPhase section */

/* Begin PBXTargetDependency section */
		78303FB228D97EF3005B4557 /* PBXTargetDependency */ = {
			isa = PBXTargetDependency;
			target = 78303F9F28D97EF2005B4557 /* TwitterClone */;
			targetProxy = 78303FB128D97EF3005B4557 /* PBXContainerItemProxy */;
		};
		78303FBC28D97EF3005B4557 /* PBXTargetDependency */ = {
			isa = PBXTargetDependency;
			target = 78303F9F28D97EF2005B4557 /* TwitterClone */;
			targetProxy = 78303FBB28D97EF3005B4557 /* PBXContainerItemProxy */;
		};
/* End PBXTargetDependency section */

/* Begin XCBuildConfiguration section */
		78303FC228D97EF3005B4557 /* Debug */ = {
			isa = XCBuildConfiguration;
			buildSettings = {
				ALWAYS_SEARCH_USER_PATHS = NO;
				CLANG_ANALYZER_NONNULL = YES;
				CLANG_ANALYZER_NUMBER_OBJECT_CONVERSION = YES_AGGRESSIVE;
				CLANG_CXX_LANGUAGE_STANDARD = "gnu++17";
				CLANG_ENABLE_MODULES = YES;
				CLANG_ENABLE_OBJC_ARC = YES;
				CLANG_ENABLE_OBJC_WEAK = YES;
				CLANG_WARN_BLOCK_CAPTURE_AUTORELEASING = YES;
				CLANG_WARN_BOOL_CONVERSION = YES;
				CLANG_WARN_COMMA = YES;
				CLANG_WARN_CONSTANT_CONVERSION = YES;
				CLANG_WARN_DEPRECATED_OBJC_IMPLEMENTATIONS = YES;
				CLANG_WARN_DIRECT_OBJC_ISA_USAGE = YES_ERROR;
				CLANG_WARN_DOCUMENTATION_COMMENTS = YES;
				CLANG_WARN_EMPTY_BODY = YES;
				CLANG_WARN_ENUM_CONVERSION = YES;
				CLANG_WARN_INFINITE_RECURSION = YES;
				CLANG_WARN_INT_CONVERSION = YES;
				CLANG_WARN_NON_LITERAL_NULL_CONVERSION = YES;
				CLANG_WARN_OBJC_IMPLICIT_RETAIN_SELF = YES;
				CLANG_WARN_OBJC_LITERAL_CONVERSION = YES;
				CLANG_WARN_OBJC_ROOT_CLASS = YES_ERROR;
				CLANG_WARN_QUOTED_INCLUDE_IN_FRAMEWORK_HEADER = YES;
				CLANG_WARN_RANGE_LOOP_ANALYSIS = YES;
				CLANG_WARN_STRICT_PROTOTYPES = YES;
				CLANG_WARN_SUSPICIOUS_MOVE = YES;
				CLANG_WARN_UNGUARDED_AVAILABILITY = YES_AGGRESSIVE;
				CLANG_WARN_UNREACHABLE_CODE = YES;
				CLANG_WARN__DUPLICATE_METHOD_MATCH = YES;
				COPY_PHASE_STRIP = NO;
				DEBUG_INFORMATION_FORMAT = dwarf;
				ENABLE_STRICT_OBJC_MSGSEND = YES;
				ENABLE_TESTABILITY = YES;
				GCC_C_LANGUAGE_STANDARD = gnu11;
				GCC_DYNAMIC_NO_PIC = NO;
				GCC_NO_COMMON_BLOCKS = YES;
				GCC_OPTIMIZATION_LEVEL = 0;
				GCC_PREPROCESSOR_DEFINITIONS = (
					"DEBUG=1",
					"$(inherited)",
				);
				GCC_WARN_64_TO_32_BIT_CONVERSION = YES;
				GCC_WARN_ABOUT_RETURN_TYPE = YES_ERROR;
				GCC_WARN_UNDECLARED_SELECTOR = YES;
				GCC_WARN_UNINITIALIZED_AUTOS = YES_AGGRESSIVE;
				GCC_WARN_UNUSED_FUNCTION = YES;
				GCC_WARN_UNUSED_VARIABLE = YES;
				IPHONEOS_DEPLOYMENT_TARGET = 16.0;
				MTL_ENABLE_DEBUG_INFO = INCLUDE_SOURCE;
				MTL_FAST_MATH = YES;
				ONLY_ACTIVE_ARCH = YES;
				SDKROOT = iphoneos;
				SWIFT_ACTIVE_COMPILATION_CONDITIONS = DEBUG;
				SWIFT_OPTIMIZATION_LEVEL = "-Onone";
			};
			name = Debug;
		};
		78303FC328D97EF3005B4557 /* Release */ = {
			isa = XCBuildConfiguration;
			buildSettings = {
				ALWAYS_SEARCH_USER_PATHS = NO;
				CLANG_ANALYZER_NONNULL = YES;
				CLANG_ANALYZER_NUMBER_OBJECT_CONVERSION = YES_AGGRESSIVE;
				CLANG_CXX_LANGUAGE_STANDARD = "gnu++17";
				CLANG_ENABLE_MODULES = YES;
				CLANG_ENABLE_OBJC_ARC = YES;
				CLANG_ENABLE_OBJC_WEAK = YES;
				CLANG_WARN_BLOCK_CAPTURE_AUTORELEASING = YES;
				CLANG_WARN_BOOL_CONVERSION = YES;
				CLANG_WARN_COMMA = YES;
				CLANG_WARN_CONSTANT_CONVERSION = YES;
				CLANG_WARN_DEPRECATED_OBJC_IMPLEMENTATIONS = YES;
				CLANG_WARN_DIRECT_OBJC_ISA_USAGE = YES_ERROR;
				CLANG_WARN_DOCUMENTATION_COMMENTS = YES;
				CLANG_WARN_EMPTY_BODY = YES;
				CLANG_WARN_ENUM_CONVERSION = YES;
				CLANG_WARN_INFINITE_RECURSION = YES;
				CLANG_WARN_INT_CONVERSION = YES;
				CLANG_WARN_NON_LITERAL_NULL_CONVERSION = YES;
				CLANG_WARN_OBJC_IMPLICIT_RETAIN_SELF = YES;
				CLANG_WARN_OBJC_LITERAL_CONVERSION = YES;
				CLANG_WARN_OBJC_ROOT_CLASS = YES_ERROR;
				CLANG_WARN_QUOTED_INCLUDE_IN_FRAMEWORK_HEADER = YES;
				CLANG_WARN_RANGE_LOOP_ANALYSIS = YES;
				CLANG_WARN_STRICT_PROTOTYPES = YES;
				CLANG_WARN_SUSPICIOUS_MOVE = YES;
				CLANG_WARN_UNGUARDED_AVAILABILITY = YES_AGGRESSIVE;
				CLANG_WARN_UNREACHABLE_CODE = YES;
				CLANG_WARN__DUPLICATE_METHOD_MATCH = YES;
				COPY_PHASE_STRIP = NO;
				DEBUG_INFORMATION_FORMAT = "dwarf-with-dsym";
				ENABLE_NS_ASSERTIONS = NO;
				ENABLE_STRICT_OBJC_MSGSEND = YES;
				GCC_C_LANGUAGE_STANDARD = gnu11;
				GCC_NO_COMMON_BLOCKS = YES;
				GCC_WARN_64_TO_32_BIT_CONVERSION = YES;
				GCC_WARN_ABOUT_RETURN_TYPE = YES_ERROR;
				GCC_WARN_UNDECLARED_SELECTOR = YES;
				GCC_WARN_UNINITIALIZED_AUTOS = YES_AGGRESSIVE;
				GCC_WARN_UNUSED_FUNCTION = YES;
				GCC_WARN_UNUSED_VARIABLE = YES;
				IPHONEOS_DEPLOYMENT_TARGET = 16.0;
				MTL_ENABLE_DEBUG_INFO = NO;
				MTL_FAST_MATH = YES;
				SDKROOT = iphoneos;
				SWIFT_COMPILATION_MODE = wholemodule;
				SWIFT_OPTIMIZATION_LEVEL = "-O";
				VALIDATE_PRODUCT = YES;
			};
			name = Release;
		};
		78303FC528D97EF3005B4557 /* Debug */ = {
			isa = XCBuildConfiguration;
			buildSettings = {
				ASSETCATALOG_COMPILER_APPICON_NAME = AppIcon;
				ASSETCATALOG_COMPILER_GLOBAL_ACCENT_COLOR_NAME = AccentColor;
				CODE_SIGN_STYLE = Automatic;
				CURRENT_PROJECT_VERSION = 1;
				DEVELOPMENT_ASSET_PATHS = "\"TwitterClone/Preview Content\"";
				DEVELOPMENT_TEAM = ANT9H9LV94;
				ENABLE_PREVIEWS = YES;
				GENERATE_INFOPLIST_FILE = YES;
				INFOPLIST_KEY_UIApplicationSceneManifest_Generation = YES;
				INFOPLIST_KEY_UIApplicationSupportsIndirectInputEvents = YES;
				INFOPLIST_KEY_UILaunchScreen_Generation = YES;
				INFOPLIST_KEY_UISupportedInterfaceOrientations_iPad = "UIInterfaceOrientationPortrait UIInterfaceOrientationPortraitUpsideDown UIInterfaceOrientationLandscapeLeft UIInterfaceOrientationLandscapeRight";
				INFOPLIST_KEY_UISupportedInterfaceOrientations_iPhone = "UIInterfaceOrientationPortrait UIInterfaceOrientationLandscapeLeft UIInterfaceOrientationLandscapeRight";
				LD_RUNPATH_SEARCH_PATHS = (
					"$(inherited)",
					"@executable_path/Frameworks",
				);
				MARKETING_VERSION = 1.0;
				PRODUCT_BUNDLE_IDENTIFIER = CSAMSO.TwitterClone;
				PRODUCT_NAME = "$(TARGET_NAME)";
				SWIFT_EMIT_LOC_STRINGS = YES;
				SWIFT_VERSION = 5.0;
				TARGETED_DEVICE_FAMILY = "1,2";
			};
			name = Debug;
		};
		78303FC628D97EF3005B4557 /* Release */ = {
			isa = XCBuildConfiguration;
			buildSettings = {
				ASSETCATALOG_COMPILER_APPICON_NAME = AppIcon;
				ASSETCATALOG_COMPILER_GLOBAL_ACCENT_COLOR_NAME = AccentColor;
				CODE_SIGN_STYLE = Automatic;
				CURRENT_PROJECT_VERSION = 1;
				DEVELOPMENT_ASSET_PATHS = "\"TwitterClone/Preview Content\"";
				DEVELOPMENT_TEAM = ANT9H9LV94;
				ENABLE_PREVIEWS = YES;
				GENERATE_INFOPLIST_FILE = YES;
				INFOPLIST_KEY_UIApplicationSceneManifest_Generation = YES;
				INFOPLIST_KEY_UIApplicationSupportsIndirectInputEvents = YES;
				INFOPLIST_KEY_UILaunchScreen_Generation = YES;
				INFOPLIST_KEY_UISupportedInterfaceOrientations_iPad = "UIInterfaceOrientationPortrait UIInterfaceOrientationPortraitUpsideDown UIInterfaceOrientationLandscapeLeft UIInterfaceOrientationLandscapeRight";
				INFOPLIST_KEY_UISupportedInterfaceOrientations_iPhone = "UIInterfaceOrientationPortrait UIInterfaceOrientationLandscapeLeft UIInterfaceOrientationLandscapeRight";
				LD_RUNPATH_SEARCH_PATHS = (
					"$(inherited)",
					"@executable_path/Frameworks",
				);
				MARKETING_VERSION = 1.0;
				PRODUCT_BUNDLE_IDENTIFIER = CSAMSO.TwitterClone;
				PRODUCT_NAME = "$(TARGET_NAME)";
				SWIFT_EMIT_LOC_STRINGS = YES;
				SWIFT_VERSION = 5.0;
				TARGETED_DEVICE_FAMILY = "1,2";
			};
			name = Release;
		};
		78303FC828D97EF3005B4557 /* Debug */ = {
			isa = XCBuildConfiguration;
			buildSettings = {
				ALWAYS_EMBED_SWIFT_STANDARD_LIBRARIES = YES;
				BUNDLE_LOADER = "$(TEST_HOST)";
				CODE_SIGN_STYLE = Automatic;
				CURRENT_PROJECT_VERSION = 1;
				DEVELOPMENT_TEAM = ANT9H9LV94;
				GENERATE_INFOPLIST_FILE = YES;
				IPHONEOS_DEPLOYMENT_TARGET = 15.5;
				MARKETING_VERSION = 1.0;
				PRODUCT_BUNDLE_IDENTIFIER = CSAMSO.TwitterCloneTests;
				PRODUCT_NAME = "$(TARGET_NAME)";
				SWIFT_EMIT_LOC_STRINGS = NO;
				SWIFT_VERSION = 5.0;
				TARGETED_DEVICE_FAMILY = "1,2";
				TEST_HOST = "$(BUILT_PRODUCTS_DIR)/TwitterClone.app/TwitterClone";
			};
			name = Debug;
		};
		78303FC928D97EF3005B4557 /* Release */ = {
			isa = XCBuildConfiguration;
			buildSettings = {
				ALWAYS_EMBED_SWIFT_STANDARD_LIBRARIES = YES;
				BUNDLE_LOADER = "$(TEST_HOST)";
				CODE_SIGN_STYLE = Automatic;
				CURRENT_PROJECT_VERSION = 1;
				DEVELOPMENT_TEAM = ANT9H9LV94;
				GENERATE_INFOPLIST_FILE = YES;
				IPHONEOS_DEPLOYMENT_TARGET = 15.5;
				MARKETING_VERSION = 1.0;
				PRODUCT_BUNDLE_IDENTIFIER = CSAMSO.TwitterCloneTests;
				PRODUCT_NAME = "$(TARGET_NAME)";
				SWIFT_EMIT_LOC_STRINGS = NO;
				SWIFT_VERSION = 5.0;
				TARGETED_DEVICE_FAMILY = "1,2";
				TEST_HOST = "$(BUILT_PRODUCTS_DIR)/TwitterClone.app/TwitterClone";
			};
			name = Release;
		};
		78303FCB28D97EF3005B4557 /* Debug */ = {
			isa = XCBuildConfiguration;
			buildSettings = {
				ALWAYS_EMBED_SWIFT_STANDARD_LIBRARIES = YES;
				CODE_SIGN_STYLE = Automatic;
				CURRENT_PROJECT_VERSION = 1;
				DEVELOPMENT_TEAM = ANT9H9LV94;
				GENERATE_INFOPLIST_FILE = YES;
				MARKETING_VERSION = 1.0;
				PRODUCT_BUNDLE_IDENTIFIER = CSAMSO.TwitterCloneUITests;
				PRODUCT_NAME = "$(TARGET_NAME)";
				SWIFT_EMIT_LOC_STRINGS = NO;
				SWIFT_VERSION = 5.0;
				TARGETED_DEVICE_FAMILY = "1,2";
				TEST_TARGET_NAME = TwitterClone;
			};
			name = Debug;
		};
		78303FCC28D97EF3005B4557 /* Release */ = {
			isa = XCBuildConfiguration;
			buildSettings = {
				ALWAYS_EMBED_SWIFT_STANDARD_LIBRARIES = YES;
				CODE_SIGN_STYLE = Automatic;
				CURRENT_PROJECT_VERSION = 1;
				DEVELOPMENT_TEAM = ANT9H9LV94;
				GENERATE_INFOPLIST_FILE = YES;
				MARKETING_VERSION = 1.0;
				PRODUCT_BUNDLE_IDENTIFIER = CSAMSO.TwitterCloneUITests;
				PRODUCT_NAME = "$(TARGET_NAME)";
				SWIFT_EMIT_LOC_STRINGS = NO;
				SWIFT_VERSION = 5.0;
				TARGETED_DEVICE_FAMILY = "1,2";
				TEST_TARGET_NAME = TwitterClone;
			};
			name = Release;
		};
/* End XCBuildConfiguration section */

/* Begin XCConfigurationList section */
		78303F9B28D97EF2005B4557 /* Build configuration list for PBXProject "TwitterClone" */ = {
			isa = XCConfigurationList;
			buildConfigurations = (
				78303FC228D97EF3005B4557 /* Debug */,
				78303FC328D97EF3005B4557 /* Release */,
			);
			defaultConfigurationIsVisible = 0;
			defaultConfigurationName = Release;
		};
		78303FC428D97EF3005B4557 /* Build configuration list for PBXNativeTarget "TwitterClone" */ = {
			isa = XCConfigurationList;
			buildConfigurations = (
				78303FC528D97EF3005B4557 /* Debug */,
				78303FC628D97EF3005B4557 /* Release */,
			);
			defaultConfigurationIsVisible = 0;
			defaultConfigurationName = Release;
		};
		78303FC728D97EF3005B4557 /* Build configuration list for PBXNativeTarget "TwitterCloneTests" */ = {
			isa = XCConfigurationList;
			buildConfigurations = (
				78303FC828D97EF3005B4557 /* Debug */,
				78303FC928D97EF3005B4557 /* Release */,
			);
			defaultConfigurationIsVisible = 0;
			defaultConfigurationName = Release;
		};
		78303FCA28D97EF3005B4557 /* Build configuration list for PBXNativeTarget "TwitterCloneUITests" */ = {
			isa = XCConfigurationList;
			buildConfigurations = (
				78303FCB28D97EF3005B4557 /* Debug */,
				78303FCC28D97EF3005B4557 /* Release */,
			);
			defaultConfigurationIsVisible = 0;
			defaultConfigurationName = Release;
		};
/* End XCConfigurationList section */

/* Begin XCRemoteSwiftPackageReference section */
		787A62ED28E3BACD004F54AD /* XCRemoteSwiftPackageReference "firebase-ios-sdk" */ = {
			isa = XCRemoteSwiftPackageReference;
			repositoryURL = "https://github.com/firebase/firebase-ios-sdk";
			requirement = {
				kind = upToNextMajorVersion;
				minimumVersion = 9.0.0;
			};
		};
		787A630328E6297A004F54AD /* XCRemoteSwiftPackageReference "Kingfisher" */ = {
			isa = XCRemoteSwiftPackageReference;
			repositoryURL = "https://github.com/onevcat/Kingfisher.git";
			requirement = {
				kind = upToNextMajorVersion;
				minimumVersion = 7.0.0;
			};
		};
/* End XCRemoteSwiftPackageReference section */

/* Begin XCSwiftPackageProductDependency section */
		787A62EE28E3BACD004F54AD /* FirebaseAuth */ = {
			isa = XCSwiftPackageProductDependency;
			package = 787A62ED28E3BACD004F54AD /* XCRemoteSwiftPackageReference "firebase-ios-sdk" */;
			productName = FirebaseAuth;
		};
		787A62F028E3BACD004F54AD /* FirebaseFirestore */ = {
			isa = XCSwiftPackageProductDependency;
			package = 787A62ED28E3BACD004F54AD /* XCRemoteSwiftPackageReference "firebase-ios-sdk" */;
			productName = FirebaseFirestore;
		};
		787A62F228E3BACD004F54AD /* FirebaseFirestoreSwift */ = {
			isa = XCSwiftPackageProductDependency;
			package = 787A62ED28E3BACD004F54AD /* XCRemoteSwiftPackageReference "firebase-ios-sdk" */;
			productName = FirebaseFirestoreSwift;
		};
		787A62F428E3BACD004F54AD /* FirebaseStorage */ = {
			isa = XCSwiftPackageProductDependency;
			package = 787A62ED28E3BACD004F54AD /* XCRemoteSwiftPackageReference "firebase-ios-sdk" */;
			productName = FirebaseStorage;
		};
		787A630428E6297A004F54AD /* Kingfisher */ = {
			isa = XCSwiftPackageProductDependency;
			package = 787A630328E6297A004F54AD /* XCRemoteSwiftPackageReference "Kingfisher" */;
			productName = Kingfisher;
		};
/* End XCSwiftPackageProductDependency section */
	};
	rootObject = 78303F9828D97EF2005B4557 /* Project object */;
}
